
Microsoft Visual Studio Solution File, Format Version 12.00
# Visual Studio Version 17
VisualStudioVersion = 17.3.32901.215
MinimumVisualStudioVersion = 10.0.40219.1
Project("{8BC9CEB8-8B4A-11D0-8D11-00A0C91BC942}") = "lab_12.02_2_Tytysh", "lab_12.02_2_Tytysh\lab_12.02_2_Tytysh.vcxproj", "{05A9E975-F92E-44C8-8535-023E01BF11A3}"
EndProject
Global
	GlobalSection(SolutionConfigurationPlatforms) = preSolution
		Debug|x64 = Debug|x64
		Debug|x86 = Debug|x86
		Release|x64 = Release|x64
		Release|x86 = Release|x86
	EndGlobalSection
	GlobalSection(ProjectConfigurationPlatforms) = postSolution
		{05A9E975-F92E-44C8-8535-023E01BF11A3}.Debug|x64.ActiveCfg = Debug|x64
		{05A9E975-F92E-44C8-8535-023E01BF11A3}.Debug|x64.Build.0 = Debug|x64
		{05A9E975-F92E-44C8-8535-023E01BF11A3}.Debug|x86.ActiveCfg = Debug|Win32
		{05A9E975-F92E-44C8-8535-023E01BF11A3}.Debug|x86.Build.0 = Debug|Win32
		{05A9E975-F92E-44C8-8535-023E01BF11A3}.Release|x64.ActiveCfg = Release|x64
		{05A9E975-F92E-44C8-8535-023E01BF11A3}.Release|x64.Build.0 = Release|x64
		{05A9E975-F92E-44C8-8535-023E01BF11A3}.Release|x86.ActiveCfg = Release|Win32
		{05A9E975-F92E-44C8-8535-023E01BF11A3}.Release|x86.Build.0 = Release|Win32
	EndGlobalSection
	GlobalSection(SolutionProperties) = preSolution
		HideSolutionNode = FALSE
	EndGlobalSection
	GlobalSection(ExtensibilityGlobals) = postSolution
		SolutionGuid = {1EC1E9D6-0D58-44B4-BEDF-17627815C531}
	EndGlobalSection
EndGlobal
